// !$*UTF8*$!
{
	archiveVersion = 1;
	classes = {
	};
	objectVersion = 46;
	objects = {

/* Begin PBXBuildFile section */
		75394D251F12BDC500AE6EE2 /* AppDelegate.swift in Sources */ = {isa = PBXBuildFile; fileRef = 75394D241F12BDC500AE6EE2 /* AppDelegate.swift */; };
		75394D271F12BDC500AE6EE2 /* ViewController.swift in Sources */ = {isa = PBXBuildFile; fileRef = 75394D261F12BDC500AE6EE2 /* ViewController.swift */; };
		75394D2A1F12BDC500AE6EE2 /* Main.storyboard in Resources */ = {isa = PBXBuildFile; fileRef = 75394D281F12BDC500AE6EE2 /* Main.storyboard */; };
		75394D2C1F12BDC500AE6EE2 /* Assets.xcassets in Resources */ = {isa = PBXBuildFile; fileRef = 75394D2B1F12BDC500AE6EE2 /* Assets.xcassets */; };
		75394D2F1F12BDC500AE6EE2 /* LaunchScreen.storyboard in Resources */ = {isa = PBXBuildFile; fileRef = 75394D2D1F12BDC500AE6EE2 /* LaunchScreen.storyboard */; };
		75394D3A1F12BDC500AE6EE2 /* HelloWorldTests.swift in Sources */ = {isa = PBXBuildFile; fileRef = 75394D391F12BDC500AE6EE2 /* HelloWorldTests.swift */; };
		75394D451F12BDC500AE6EE2 /* HelloWorldUITests.swift in Sources */ = {isa = PBXBuildFile; fileRef = 75394D441F12BDC500AE6EE2 /* HelloWorldUITests.swift */; };
		7563DABE1F193913009E2E28 /* fields.jpg in Resources */ = {isa = PBXBuildFile; fileRef = 7563DABD1F193913009E2E28 /* fields.jpg */; };
		7563DAC01F19399B009E2E28 /* cross.png in Resources */ = {isa = PBXBuildFile; fileRef = 7563DABF1F19399B009E2E28 /* cross.png */; };
		7563DAC21F1939DD009E2E28 /* Nought.png in Resources */ = {isa = PBXBuildFile; fileRef = 7563DAC11F1939DD009E2E28 /* Nought.png */; };
		7563DAC31F1939DD009E2E28 /* Nought.png in Resources */ = {isa = PBXBuildFile; fileRef = 7563DAC11F1939DD009E2E28 /* Nought.png */; };
		7563DAC41F1939DD009E2E28 /* Nought.png in Resources */ = {isa = PBXBuildFile; fileRef = 7563DAC11F1939DD009E2E28 /* Nought.png */; };
/* End PBXBuildFile section */

/* Begin PBXContainerItemProxy section */
		75394D361F12BDC500AE6EE2 /* PBXContainerItemProxy */ = {
			isa = PBXContainerItemProxy;
			containerPortal = 75394D191F12BDC500AE6EE2 /* Project object */;
			proxyType = 1;
			remoteGlobalIDString = 75394D201F12BDC500AE6EE2;
			remoteInfo = HelloWorld;
		};
		75394D411F12BDC500AE6EE2 /* PBXContainerItemProxy */ = {
			isa = PBXContainerItemProxy;
			containerPortal = 75394D191F12BDC500AE6EE2 /* Project object */;
			proxyType = 1;
			remoteGlobalIDString = 75394D201F12BDC500AE6EE2;
			remoteInfo = HelloWorld;
		};
/* End PBXContainerItemProxy section */

/* Begin PBXFileReference section */
		75394D211F12BDC500AE6EE2 /* HelloWorld.app */ = {isa = PBXFileReference; explicitFileType = wrapper.application; includeInIndex = 0; path = HelloWorld.app; sourceTree = BUILT_PRODUCTS_DIR; };
		75394D241F12BDC500AE6EE2 /* AppDelegate.swift */ = {isa = PBXFileReference; lastKnownFileType = sourcecode.swift; path = AppDelegate.swift; sourceTree = "<group>"; };
		75394D261F12BDC500AE6EE2 /* ViewController.swift */ = {isa = PBXFileReference; lastKnownFileType = sourcecode.swift; path = ViewController.swift; sourceTree = "<group>"; };
		75394D291F12BDC500AE6EE2 /* Base */ = {isa = PBXFileReference; lastKnownFileType = file.storyboard; name = Base; path = Base.lproj/Main.storyboard; sourceTree = "<group>"; };
		75394D2B1F12BDC500AE6EE2 /* Assets.xcassets */ = {isa = PBXFileReference; lastKnownFileType = folder.assetcatalog; path = Assets.xcassets; sourceTree = "<group>"; };
		75394D2E1F12BDC500AE6EE2 /* Base */ = {isa = PBXFileReference; lastKnownFileType = file.storyboard; name = Base; path = Base.lproj/LaunchScreen.storyboard; sourceTree = "<group>"; };
		75394D301F12BDC500AE6EE2 /* Info.plist */ = {isa = PBXFileReference; lastKnownFileType = text.plist.xml; path = Info.plist; sourceTree = "<group>"; };
		75394D351F12BDC500AE6EE2 /* HelloWorldTests.xctest */ = {isa = PBXFileReference; explicitFileType = wrapper.cfbundle; includeInIndex = 0; path = HelloWorldTests.xctest; sourceTree = BUILT_PRODUCTS_DIR; };
		75394D391F12BDC500AE6EE2 /* HelloWorldTests.swift */ = {isa = PBXFileReference; lastKnownFileType = sourcecode.swift; path = HelloWorldTests.swift; sourceTree = "<group>"; };
		75394D3B1F12BDC500AE6EE2 /* Info.plist */ = {isa = PBXFileReference; lastKnownFileType = text.plist.xml; path = Info.plist; sourceTree = "<group>"; };
		75394D401F12BDC500AE6EE2 /* HelloWorldUITests.xctest */ = {isa = PBXFileReference; explicitFileType = wrapper.cfbundle; includeInIndex = 0; path = HelloWorldUITests.xctest; sourceTree = BUILT_PRODUCTS_DIR; };
		75394D441F12BDC500AE6EE2 /* HelloWorldUITests.swift */ = {isa = PBXFileReference; lastKnownFileType = sourcecode.swift; path = HelloWorldUITests.swift; sourceTree = "<group>"; };
		75394D461F12BDC500AE6EE2 /* Info.plist */ = {isa = PBXFileReference; lastKnownFileType = text.plist.xml; path = Info.plist; sourceTree = "<group>"; };
		7563DABD1F193913009E2E28 /* fields.jpg */ = {isa = PBXFileReference; lastKnownFileType = image.jpeg; path = fields.jpg; sourceTree = "<group>"; };
		7563DABF1F19399B009E2E28 /* cross.png */ = {isa = PBXFileReference; lastKnownFileType = image.png; path = cross.png; sourceTree = "<group>"; };
		7563DAC11F1939DD009E2E28 /* Nought.png */ = {isa = PBXFileReference; lastKnownFileType = image.png; path = Nought.png; sourceTree = "<group>"; };
/* End PBXFileReference section */

/* Begin PBXFrameworksBuildPhase section */
		75394D1E1F12BDC500AE6EE2 /* Frameworks */ = {
			isa = PBXFrameworksBuildPhase;
			buildActionMask = 2147483647;
			files = (
			);
			runOnlyForDeploymentPostprocessing = 0;
		};
		75394D321F12BDC500AE6EE2 /* Frameworks */ = {
			isa = PBXFrameworksBuildPhase;
			buildActionMask = 2147483647;
			files = (
			);
			runOnlyForDeploymentPostprocessing = 0;
		};
		75394D3D1F12BDC500AE6EE2 /* Frameworks */ = {
			isa = PBXFrameworksBuildPhase;
			buildActionMask = 2147483647;
			files = (
			);
			runOnlyForDeploymentPostprocessing = 0;
		};
/* End PBXFrameworksBuildPhase section */

/* Begin PBXGroup section */
		75394D181F12BDC500AE6EE2 = {
			isa = PBXGroup;
			children = (
				75394D231F12BDC500AE6EE2 /* HelloWorld */,
				75394D381F12BDC500AE6EE2 /* HelloWorldTests */,
				75394D431F12BDC500AE6EE2 /* HelloWorldUITests */,
				75394D221F12BDC500AE6EE2 /* Products */,
			);
			sourceTree = "<group>";
		};
		75394D221F12BDC500AE6EE2 /* Products */ = {
			isa = PBXGroup;
			children = (
				75394D211F12BDC500AE6EE2 /* HelloWorld.app */,
				75394D351F12BDC500AE6EE2 /* HelloWorldTests.xctest */,
				75394D401F12BDC500AE6EE2 /* HelloWorldUITests.xctest */,
			);
			name = Products;
			sourceTree = "<group>";
		};
		75394D231F12BDC500AE6EE2 /* HelloWorld */ = {
			isa = PBXGroup;
			children = (
				75394D241F12BDC500AE6EE2 /* AppDelegate.swift */,
				75394D261F12BDC500AE6EE2 /* ViewController.swift */,
				75394D281F12BDC500AE6EE2 /* Main.storyboard */,
				7563DABD1F193913009E2E28 /* fields.jpg */,
				7563DABF1F19399B009E2E28 /* cross.png */,
				7563DAC11F1939DD009E2E28 /* Nought.png */,
				75394D2B1F12BDC500AE6EE2 /* Assets.xcassets */,
				75394D2D1F12BDC500AE6EE2 /* LaunchScreen.storyboard */,
				75394D301F12BDC500AE6EE2 /* Info.plist */,
			);
			path = HelloWorld;
			sourceTree = "<group>";
		};
		75394D381F12BDC500AE6EE2 /* HelloWorldTests */ = {
			isa = PBXGroup;
			children = (
				75394D391F12BDC500AE6EE2 /* HelloWorldTests.swift */,
				75394D3B1F12BDC500AE6EE2 /* Info.plist */,
			);
			path = HelloWorldTests;
			sourceTree = "<group>";
		};
		75394D431F12BDC500AE6EE2 /* HelloWorldUITests */ = {
			isa = PBXGroup;
			children = (
				75394D441F12BDC500AE6EE2 /* HelloWorldUITests.swift */,
				75394D461F12BDC500AE6EE2 /* Info.plist */,
			);
			path = HelloWorldUITests;
			sourceTree = "<group>";
		};
/* End PBXGroup section */

/* Begin PBXNativeTarget section */
		75394D201F12BDC500AE6EE2 /* HelloWorld */ = {
			isa = PBXNativeTarget;
			buildConfigurationList = 75394D491F12BDC500AE6EE2 /* Build configuration list for PBXNativeTarget "HelloWorld" */;
			buildPhases = (
				75394D1D1F12BDC500AE6EE2 /* Sources */,
				75394D1E1F12BDC500AE6EE2 /* Frameworks */,
				75394D1F1F12BDC500AE6EE2 /* Resources */,
			);
			buildRules = (
			);
			dependencies = (
			);
			name = HelloWorld;
			productName = HelloWorld;
			productReference = 75394D211F12BDC500AE6EE2 /* HelloWorld.app */;
			productType = "com.apple.product-type.application";
		};
		75394D341F12BDC500AE6EE2 /* HelloWorldTests */ = {
			isa = PBXNativeTarget;
			buildConfigurationList = 75394D4C1F12BDC500AE6EE2 /* Build configuration list for PBXNativeTarget "HelloWorldTests" */;
			buildPhases = (
				75394D311F12BDC500AE6EE2 /* Sources */,
				75394D321F12BDC500AE6EE2 /* Frameworks */,
				75394D331F12BDC500AE6EE2 /* Resources */,
			);
			buildRules = (
			);
			dependencies = (
				75394D371F12BDC500AE6EE2 /* PBXTargetDependency */,
			);
			name = HelloWorldTests;
			productName = HelloWorldTests;
			productReference = 75394D351F12BDC500AE6EE2 /* HelloWorldTests.xctest */;
			productType = "com.apple.product-type.bundle.unit-test";
		};
		75394D3F1F12BDC500AE6EE2 /* HelloWorldUITests */ = {
			isa = PBXNativeTarget;
			buildConfigurationList = 75394D4F1F12BDC500AE6EE2 /* Build configuration list for PBXNativeTarget "HelloWorldUITests" */;
			buildPhases = (
				75394D3C1F12BDC500AE6EE2 /* Sources */,
				75394D3D1F12BDC500AE6EE2 /* Frameworks */,
				75394D3E1F12BDC500AE6EE2 /* Resources */,
			);
			buildRules = (
			);
			dependencies = (
				75394D421F12BDC500AE6EE2 /* PBXTargetDependency */,
			);
			name = HelloWorldUITests;
			productName = HelloWorldUITests;
			productReference = 75394D401F12BDC500AE6EE2 /* HelloWorldUITests.xctest */;
			productType = "com.apple.product-type.bundle.ui-testing";
		};
/* End PBXNativeTarget section */

/* Begin PBXProject section */
		75394D191F12BDC500AE6EE2 /* Project object */ = {
			isa = PBXProject;
			attributes = {
				LastSwiftUpdateCheck = 0830;
				LastUpgradeCheck = 0830;
				ORGANIZATIONNAME = "Ulad Daratsiuk";
				TargetAttributes = {
					75394D201F12BDC500AE6EE2 = {
						CreatedOnToolsVersion = 8.3.3;
						DevelopmentTeam = Z4NGAZXKWW;
						ProvisioningStyle = Automatic;
					};
					75394D341F12BDC500AE6EE2 = {
						CreatedOnToolsVersion = 8.3.3;
						ProvisioningStyle = Automatic;
						TestTargetID = 75394D201F12BDC500AE6EE2;
					};
					75394D3F1F12BDC500AE6EE2 = {
						CreatedOnToolsVersion = 8.3.3;
						ProvisioningStyle = Automatic;
						TestTargetID = 75394D201F12BDC500AE6EE2;
					};
				};
			};
			buildConfigurationList = 75394D1C1F12BDC500AE6EE2 /* Build configuration list for PBXProject "HelloWorld" */;
			compatibilityVersion = "Xcode 3.2";
			developmentRegion = English;
			hasScannedForEncodings = 0;
			knownRegions = (
				en,
				Base,
			);
			mainGroup = 75394D181F12BDC500AE6EE2;
			productRefGroup = 75394D221F12BDC500AE6EE2 /* Products */;
			projectDirPath = "";
			projectRoot = "";
			targets = (
				75394D201F12BDC500AE6EE2 /* HelloWorld */,
				75394D341F12BDC500AE6EE2 /* HelloWorldTests */,
				75394D3F1F12BDC500AE6EE2 /* HelloWorldUITests */,
			);
		};
/* End PBXProject section */

/* Begin PBXResourcesBuildPhase section */
		75394D1F1F12BDC500AE6EE2 /* Resources */ = {
			isa = PBXResourcesBuildPhase;
			buildActionMask = 2147483647;
			files = (
				7563DAC21F1939DD009E2E28 /* Nought.png in Resources */,
				7563DAC01F19399B009E2E28 /* cross.png in Resources */,
				7563DABE1F193913009E2E28 /* fields.jpg in Resources */,
				75394D2F1F12BDC500AE6EE2 /* LaunchScreen.storyboard in Resources */,
				75394D2C1F12BDC500AE6EE2 /* Assets.xcassets in Resources */,
				75394D2A1F12BDC500AE6EE2 /* Main.storyboard in Resources */,
			);
			runOnlyForDeploymentPostprocessing = 0;
		};
		75394D331F12BDC500AE6EE2 /* Resources */ = {
			isa = PBXResourcesBuildPhase;
			buildActionMask = 2147483647;
			files = (
				7563DAC31F1939DD009E2E28 /* Nought.png in Resources */,
			);
			runOnlyForDeploymentPostprocessing = 0;
		};
		75394D3E1F12BDC500AE6EE2 /* Resources */ = {
			isa = PBXResourcesBuildPhase;
			buildActionMask = 2147483647;
			files = (
				7563DAC41F1939DD009E2E28 /* Nought.png in Resources */,
			);
			runOnlyForDeploymentPostprocessing = 0;
		};
/* End PBXResourcesBuildPhase section */

/* Begin PBXSourcesBuildPhase section */
		75394D1D1F12BDC500AE6EE2 /* Sources */ = {
			isa = PBXSourcesBuildPhase;
			buildActionMask = 2147483647;
			files = (
				75394D271F12BDC500AE6EE2 /* ViewController.swift in Sources */,
				75394D251F12BDC500AE6EE2 /* AppDelegate.swift in Sources */,
			);
			runOnlyForDeploymentPostprocessing = 0;
		};
		75394D311F12BDC500AE6EE2 /* Sources */ = {
			isa = PBXSourcesBuildPhase;
			buildActionMask = 2147483647;
			files = (
				75394D3A1F12BDC500AE6EE2 /* HelloWorldTests.swift in Sources */,
			);
			runOnlyForDeploymentPostprocessing = 0;
		};
		75394D3C1F12BDC500AE6EE2 /* Sources */ = {
			isa = PBXSourcesBuildPhase;
			buildActionMask = 2147483647;
			files = (
				75394D451F12BDC500AE6EE2 /* HelloWorldUITests.swift in Sources */,
			);
			runOnlyForDeploymentPostprocessing = 0;
		};
/* End PBXSourcesBuildPhase section */

/* Begin PBXTargetDependency section */
		75394D371F12BDC500AE6EE2 /* PBXTargetDependency */ = {
			isa = PBXTargetDependency;
			target = 75394D201F12BDC500AE6EE2 /* HelloWorld */;
			targetProxy = 75394D361F12BDC500AE6EE2 /* PBXContainerItemProxy */;
		};
		75394D421F12BDC500AE6EE2 /* PBXTargetDependency */ = {
			isa = PBXTargetDependency;
			target = 75394D201F12BDC500AE6EE2 /* HelloWorld */;
			targetProxy = 75394D411F12BDC500AE6EE2 /* PBXContainerItemProxy */;
		};
/* End PBXTargetDependency section */

/* Begin PBXVariantGroup section */
		75394D281F12BDC500AE6EE2 /* Main.storyboard */ = {
			isa = PBXVariantGroup;
			children = (
				75394D291F12BDC500AE6EE2 /* Base */,
			);
			name = Main.storyboard;
			sourceTree = "<group>";
		};
		75394D2D1F12BDC500AE6EE2 /* LaunchScreen.storyboard */ = {
			isa = PBXVariantGroup;
			children = (
				75394D2E1F12BDC500AE6EE2 /* Base */,
			);
			name = LaunchScreen.storyboard;
			sourceTree = "<group>";
		};
/* End PBXVariantGroup section */

/* Begin XCBuildConfiguration section */
		75394D471F12BDC500AE6EE2 /* Debug */ = {
			isa = XCBuildConfiguration;
			buildSettings = {
				ALWAYS_SEARCH_USER_PATHS = NO;
				CLANG_ANALYZER_NONNULL = YES;
				CLANG_ANALYZER_NUMBER_OBJECT_CONVERSION = YES_AGGRESSIVE;
				CLANG_CXX_LANGUAGE_STANDARD = "gnu++0x";
				CLANG_CXX_LIBRARY = "libc++";
				CLANG_ENABLE_MODULES = YES;
				CLANG_ENABLE_OBJC_ARC = YES;
				CLANG_WARN_BOOL_CONVERSION = YES;
				CLANG_WARN_CONSTANT_CONVERSION = YES;
				CLANG_WARN_DIRECT_OBJC_ISA_USAGE = YES_ERROR;
				CLANG_WARN_DOCUMENTATION_COMMENTS = YES;
				CLANG_WARN_EMPTY_BODY = YES;
				CLANG_WARN_ENUM_CONVERSION = YES;
				CLANG_WARN_INFINITE_RECURSION = YES;
				CLANG_WARN_INT_CONVERSION = YES;
				CLANG_WARN_OBJC_ROOT_CLASS = YES_ERROR;
				CLANG_WARN_SUSPICIOUS_MOVE = YES;
				CLANG_WARN_UNREACHABLE_CODE = YES;
				CLANG_WARN__DUPLICATE_METHOD_MATCH = YES;
				"CODE_SIGN_IDENTITY[sdk=iphoneos*]" = "iPhone Developer";
				COPY_PHASE_STRIP = NO;
				DEBUG_INFORMATION_FORMAT = dwarf;
				ENABLE_STRICT_OBJC_MSGSEND = YES;
				ENABLE_TESTABILITY = YES;
				GCC_C_LANGUAGE_STANDARD = gnu99;
				GCC_DYNAMIC_NO_PIC = NO;
				GCC_NO_COMMON_BLOCKS = YES;
				GCC_OPTIMIZATION_LEVEL = 0;
				GCC_PREPROCESSOR_DEFINITIONS = (
					"DEBUG=1",
					"$(inherited)",
				);
				GCC_WARN_64_TO_32_BIT_CONVERSION = YES;
				GCC_WARN_ABOUT_RETURN_TYPE = YES_ERROR;
				GCC_WARN_UNDECLARED_SELECTOR = YES;
				GCC_WARN_UNINITIALIZED_AUTOS = YES_AGGRESSIVE;
				GCC_WARN_UNUSED_FUNCTION = YES;
				GCC_WARN_UNUSED_VARIABLE = YES;
				IPHONEOS_DEPLOYMENT_TARGET = 10.3;
				MTL_ENABLE_DEBUG_INFO = YES;
				ONLY_ACTIVE_ARCH = YES;
				SDKROOT = iphoneos;
				SWIFT_ACTIVE_COMPILATION_CONDITIONS = DEBUG;
				SWIFT_OPTIMIZATION_LEVEL = "-Onone";
			};
			name = Debug;
		};
		75394D481F12BDC500AE6EE2 /* Release */ = {
			isa = XCBuildConfiguration;
			buildSettings = {
				ALWAYS_SEARCH_USER_PATHS = NO;
				CLANG_ANALYZER_NONNULL = YES;
				CLANG_ANALYZER_NUMBER_OBJECT_CONVERSION = YES_AGGRESSIVE;
				CLANG_CXX_LANGUAGE_STANDARD = "gnu++0x";
				CLANG_CXX_LIBRARY = "libc++";
				CLANG_ENABLE_MODULES = YES;
				CLANG_ENABLE_OBJC_ARC = YES;
				CLANG_WARN_BOOL_CONVERSION = YES;
				CLANG_WARN_CONSTANT_CONVERSION = YES;
				CLANG_WARN_DIRECT_OBJC_ISA_USAGE = YES_ERROR;
				CLANG_WARN_DOCUMENTATION_COMMENTS = YES;
				CLANG_WARN_EMPTY_BODY = YES;
				CLANG_WARN_ENUM_CONVERSION = YES;
				CLANG_WARN_INFINITE_RECURSION = YES;
				CLANG_WARN_INT_CONVERSION = YES;
				CLANG_WARN_OBJC_ROOT_CLASS = YES_ERROR;
				CLANG_WARN_SUSPICIOUS_MOVE = YES;
				CLANG_WARN_UNREACHABLE_CODE = YES;
				CLANG_WARN__DUPLICATE_METHOD_MATCH = YES;
				"CODE_SIGN_IDENTITY[sdk=iphoneos*]" = "iPhone Developer";
				COPY_PHASE_STRIP = NO;
				DEBUG_INFORMATION_FORMAT = "dwarf-with-dsym";
				ENABLE_NS_ASSERTIONS = NO;
				ENABLE_STRICT_OBJC_MSGSEND = YES;
				GCC_C_LANGUAGE_STANDARD = gnu99;
				GCC_NO_COMMON_BLOCKS = YES;
				GCC_WARN_64_TO_32_BIT_CONVERSION = YES;
				GCC_WARN_ABOUT_RETURN_TYPE = YES_ERROR;
				GCC_WARN_UNDECLARED_SELECTOR = YES;
				GCC_WARN_UNINITIALIZED_AUTOS = YES_AGGRESSIVE;
				GCC_WARN_UNUSED_FUNCTION = YES;
				GCC_WARN_UNUSED_VARIABLE = YES;
				IPHONEOS_DEPLOYMENT_TARGET = 10.3;
				MTL_ENABLE_DEBUG_INFO = NO;
				SDKROOT = iphoneos;
				SWIFT_OPTIMIZATION_LEVEL = "-Owholemodule";
				VALIDATE_PRODUCT = YES;
			};
			name = Release;
		};
		75394D4A1F12BDC500AE6EE2 /* Debug */ = {
			isa = XCBuildConfiguration;
			buildSettings = {
				ASSETCATALOG_COMPILER_APPICON_NAME = AppIcon;
				DEVELOPMENT_TEAM = Z4NGAZXKWW;
				INFOPLIST_FILE = HelloWorld/Info.plist;
				LD_RUNPATH_SEARCH_PATHS = "$(inherited) @executable_path/Frameworks";
				PRODUCT_BUNDLE_IDENTIFIER = "Uladzislau-Daratsiuk.HelloWorld";
				PRODUCT_NAME = "$(TARGET_NAME)";
				SWIFT_VERSION = 3.0;
			};
			name = Debug;
		};
		75394D4B1F12BDC500AE6EE2 /* Release */ = {
			isa = XCBuildConfiguration;
			buildSettings = {
				ASSETCATALOG_COMPILER_APPICON_NAME = AppIcon;
				DEVELOPMENT_TEAM = Z4NGAZXKWW;
				INFOPLIST_FILE = HelloWorld/Info.plist;
				LD_RUNPATH_SEARCH_PATHS = "$(inherited) @executable_path/Frameworks";
				PRODUCT_BUNDLE_IDENTIFIER = "Uladzislau-Daratsiuk.HelloWorld";
				PRODUCT_NAME = "$(TARGET_NAME)";
				SWIFT_VERSION = 3.0;
			};
			name = Release;
		};
		75394D4D1F12BDC500AE6EE2 /* Debug */ = {
			isa = XCBuildConfiguration;
			buildSettings = {
				ALWAYS_EMBED_SWIFT_STANDARD_LIBRARIES = YES;
				BUNDLE_LOADER = "$(TEST_HOST)";
				INFOPLIST_FILE = HelloWorldTests/Info.plist;
				LD_RUNPATH_SEARCH_PATHS = "$(inherited) @executable_path/Frameworks @loader_path/Frameworks";
				PRODUCT_BUNDLE_IDENTIFIER = "Uladzislau-Daratsiuk.HelloWorldTests";
				PRODUCT_NAME = "$(TARGET_NAME)";
				SWIFT_VERSION = 3.0;
				TEST_HOST = "$(BUILT_PRODUCTS_DIR)/HelloWorld.app/HelloWorld";
			};
			name = Debug;
		};
		75394D4E1F12BDC500AE6EE2 /* Release */ = {
			isa = XCBuildConfiguration;
			buildSettings = {
				ALWAYS_EMBED_SWIFT_STANDARD_LIBRARIES = YES;
				BUNDLE_LOADER = "$(TEST_HOST)";
				INFOPLIST_FILE = HelloWorldTests/Info.plist;
				LD_RUNPATH_SEARCH_PATHS = "$(inherited) @executable_path/Frameworks @loader_path/Frameworks";
				PRODUCT_BUNDLE_IDENTIFIER = "Uladzislau-Daratsiuk.HelloWorldTests";
				PRODUCT_NAME = "$(TARGET_NAME)";
				SWIFT_VERSION = 3.0;
				TEST_HOST = "$(BUILT_PRODUCTS_DIR)/HelloWorld.app/HelloWorld";
			};
			name = Release;
		};
		75394D501F12BDC500AE6EE2 /* Debug */ = {
			isa = XCBuildConfiguration;
			buildSettings = {
				ALWAYS_EMBED_SWIFT_STANDARD_LIBRARIES = YES;
				INFOPLIST_FILE = HelloWorldUITests/Info.plist;
				LD_RUNPATH_SEARCH_PATHS = "$(inherited) @executable_path/Frameworks @loader_path/Frameworks";
				PRODUCT_BUNDLE_IDENTIFIER = "Uladzislau-Daratsiuk.HelloWorldUITests";
				PRODUCT_NAME = "$(TARGET_NAME)";
				SWIFT_VERSION = 3.0;
				TEST_TARGET_NAME = HelloWorld;
			};
			name = Debug;
		};
		75394D511F12BDC500AE6EE2 /* Release */ = {
			isa = XCBuildConfiguration;
			buildSettings = {
				ALWAYS_EMBED_SWIFT_STANDARD_LIBRARIES = YES;
				INFOPLIST_FILE = HelloWorldUITests/Info.plist;
				LD_RUNPATH_SEARCH_PATHS = "$(inherited) @executable_path/Frameworks @loader_path/Frameworks";
				PRODUCT_BUNDLE_IDENTIFIER = "Uladzislau-Daratsiuk.HelloWorldUITests";
				PRODUCT_NAME = "$(TARGET_NAME)";
				SWIFT_VERSION = 3.0;
				TEST_TARGET_NAME = HelloWorld;
			};
			name = Release;
		};
/* End XCBuildConfiguration section */

/* Begin XCConfigurationList section */
		75394D1C1F12BDC500AE6EE2 /* Build configuration list for PBXProject "HelloWorld" */ = {
			isa = XCConfigurationList;
			buildConfigurations = (
				75394D471F12BDC500AE6EE2 /* Debug */,
				75394D481F12BDC500AE6EE2 /* Release */,
			);
			defaultConfigurationIsVisible = 0;
			defaultConfigurationName = Release;
		};
		75394D491F12BDC500AE6EE2 /* Build configuration list for PBXNativeTarget "HelloWorld" */ = {
			isa = XCConfigurationList;
			buildConfigurations = (
				75394D4A1F12BDC500AE6EE2 /* Debug */,
				75394D4B1F12BDC500AE6EE2 /* Release */,
			);
			defaultConfigurationIsVisible = 0;
			defaultConfigurationName = Release;
		};
		75394D4C1F12BDC500AE6EE2 /* Build configuration list for PBXNativeTarget "HelloWorldTests" */ = {
			isa = XCConfigurationList;
			buildConfigurations = (
				75394D4D1F12BDC500AE6EE2 /* Debug */,
				75394D4E1F12BDC500AE6EE2 /* Release */,
			);
			defaultConfigurationIsVisible = 0;
			defaultConfigurationName = Release;
		};
		75394D4F1F12BDC500AE6EE2 /* Build configuration list for PBXNativeTarget "HelloWorldUITests" */ = {
			isa = XCConfigurationList;
			buildConfigurations = (
				75394D501F12BDC500AE6EE2 /* Debug */,
				75394D511F12BDC500AE6EE2 /* Release */,
			);
			defaultConfigurationIsVisible = 0;
			defaultConfigurationName = Release;
		};
/* End XCConfigurationList section */
	};
	rootObject = 75394D191F12BDC500AE6EE2 /* Project object */;
}
